// !$*UTF8*$!
{
	archiveVersion = 1;
	classes = {
	};
	objectVersion = 46;
	objects = {

/* Begin PBXBuildFile section */
		DCCB06211DFE56BE00934C39 /* SogouPlus.framework in Frameworks */ = {isa = PBXBuildFile; fileRef = DCEC7ED11D9287880070FE65 /* SogouPlus.framework */; settings = {ATTRIBUTES = (Weak, ); }; };
		DCCB06221DFE56BE00934C39 /* SogouPlus.framework in Embed Frameworks */ = {isa = PBXBuildFile; fileRef = DCEC7ED11D9287880070FE65 /* SogouPlus.framework */; settings = {ATTRIBUTES = (CodeSignOnCopy, RemoveHeadersOnCopy, ); }; };
		DCEC7EAE1D92872D0070FE65 /* main.m in Sources */ = {isa = PBXBuildFile; fileRef = DCEC7EAD1D92872D0070FE65 /* main.m */; };
		DCEC7EB11D92872D0070FE65 /* AppDelegate.m in Sources */ = {isa = PBXBuildFile; fileRef = DCEC7EB01D92872D0070FE65 /* AppDelegate.m */; };
		DCEC7EB41D92872D0070FE65 /* FirstViewController.m in Sources */ = {isa = PBXBuildFile; fileRef = DCEC7EB31D92872D0070FE65 /* FirstViewController.m */; };
		DCEC7EB71D92872D0070FE65 /* SecondViewController.m in Sources */ = {isa = PBXBuildFile; fileRef = DCEC7EB61D92872D0070FE65 /* SecondViewController.m */; };
		DCEC7EBA1D92872D0070FE65 /* Main.storyboard in Resources */ = {isa = PBXBuildFile; fileRef = DCEC7EB81D92872D0070FE65 /* Main.storyboard */; };
		DCEC7EBC1D92872D0070FE65 /* Assets.xcassets in Resources */ = {isa = PBXBuildFile; fileRef = DCEC7EBB1D92872D0070FE65 /* Assets.xcassets */; };
		DCEC7EBF1D92872D0070FE65 /* LaunchScreen.storyboard in Resources */ = {isa = PBXBuildFile; fileRef = DCEC7EBD1D92872D0070FE65 /* LaunchScreen.storyboard */; };
/* End PBXBuildFile section */

/* Begin PBXContainerItemProxy section */
		DCCB06231DFE56BE00934C39 /* PBXContainerItemProxy */ = {
			isa = PBXContainerItemProxy;
			containerPortal = DCEC7ECC1D9287880070FE65 /* SogouPlus.xcodeproj */;
			proxyType = 1;
			remoteGlobalIDString = DC2366421D87F04000C12351;
			remoteInfo = SogouPlus;
		};
		DCEC7ED01D9287880070FE65 /* PBXContainerItemProxy */ = {
			isa = PBXContainerItemProxy;
			containerPortal = DCEC7ECC1D9287880070FE65 /* SogouPlus.xcodeproj */;
			proxyType = 2;
			remoteGlobalIDString = DC2366431D87F04000C12351;
			remoteInfo = SogouPlus;
		};
/* End PBXContainerItemProxy section */

/* Begin PBXCopyFilesBuildPhase section */
		DCCB06251DFE56BE00934C39 /* Embed Frameworks */ = {
			isa = PBXCopyFilesBuildPhase;
			buildActionMask = 2147483647;
			dstPath = "";
			dstSubfolderSpec = 10;
			files = (
				DCCB06221DFE56BE00934C39 /* SogouPlus.framework in Embed Frameworks */,
			);
			name = "Embed Frameworks";
			runOnlyForDeploymentPostprocessing = 0;
		};
/* End PBXCopyFilesBuildPhase section */

/* Begin PBXFileReference section */
		DCEC7EA91D92872D0070FE65 /* SogouPlusDemo.app */ = {isa = PBXFileReference; explicitFileType = wrapper.application; includeInIndex = 0; path = SogouPlusDemo.app; sourceTree = BUILT_PRODUCTS_DIR; };
		DCEC7EAD1D92872D0070FE65 /* main.m */ = {isa = PBXFileReference; lastKnownFileType = sourcecode.c.objc; path = main.m; sourceTree = "<group>"; };
		DCEC7EAF1D92872D0070FE65 /* AppDelegate.h */ = {isa = PBXFileReference; lastKnownFileType = sourcecode.c.h; path = AppDelegate.h; sourceTree = "<group>"; };
		DCEC7EB01D92872D0070FE65 /* AppDelegate.m */ = {isa = PBXFileReference; lastKnownFileType = sourcecode.c.objc; path = AppDelegate.m; sourceTree = "<group>"; };
		DCEC7EB21D92872D0070FE65 /* FirstViewController.h */ = {isa = PBXFileReference; lastKnownFileType = sourcecode.c.h; path = FirstViewController.h; sourceTree = "<group>"; };
		DCEC7EB31D92872D0070FE65 /* FirstViewController.m */ = {isa = PBXFileReference; lastKnownFileType = sourcecode.c.objc; path = FirstViewController.m; sourceTree = "<group>"; };
		DCEC7EB51D92872D0070FE65 /* SecondViewController.h */ = {isa = PBXFileReference; lastKnownFileType = sourcecode.c.h; path = SecondViewController.h; sourceTree = "<group>"; };
		DCEC7EB61D92872D0070FE65 /* SecondViewController.m */ = {isa = PBXFileReference; lastKnownFileType = sourcecode.c.objc; path = SecondViewController.m; sourceTree = "<group>"; };
		DCEC7EB91D92872D0070FE65 /* Base */ = {isa = PBXFileReference; lastKnownFileType = file.storyboard; name = Base; path = Base.lproj/Main.storyboard; sourceTree = "<group>"; };
		DCEC7EBB1D92872D0070FE65 /* Assets.xcassets */ = {isa = PBXFileReference; lastKnownFileType = folder.assetcatalog; path = Assets.xcassets; sourceTree = "<group>"; };
		DCEC7EBE1D92872D0070FE65 /* Base */ = {isa = PBXFileReference; lastKnownFileType = file.storyboard; name = Base; path = Base.lproj/LaunchScreen.storyboard; sourceTree = "<group>"; };
		DCEC7EC01D92872D0070FE65 /* Info.plist */ = {isa = PBXFileReference; lastKnownFileType = text.plist.xml; path = Info.plist; sourceTree = "<group>"; };
		DCEC7ECC1D9287880070FE65 /* SogouPlus.xcodeproj */ = {isa = PBXFileReference; lastKnownFileType = "wrapper.pb-project"; name = SogouPlus.xcodeproj; path = ../../SogouPlus/SogouPlus.xcodeproj; sourceTree = "<group>"; };
/* End PBXFileReference section */

/* Begin PBXFrameworksBuildPhase section */
		DCEC7EA61D92872D0070FE65 /* Frameworks */ = {
			isa = PBXFrameworksBuildPhase;
			buildActionMask = 2147483647;
			files = (
				DCCB06211DFE56BE00934C39 /* SogouPlus.framework in Frameworks */,
			);
			runOnlyForDeploymentPostprocessing = 0;
		};
/* End PBXFrameworksBuildPhase section */

/* Begin PBXGroup section */
		DCEC7EA01D92872D0070FE65 = {
			isa = PBXGroup;
			children = (
				DCEC7EAB1D92872D0070FE65 /* SogouPlusDemo */,
				DCEC7EAA1D92872D0070FE65 /* Products */,
			);
			sourceTree = "<group>";
		};
		DCEC7EAA1D92872D0070FE65 /* Products */ = {
			isa = PBXGroup;
			children = (
				DCEC7EA91D92872D0070FE65 /* SogouPlusDemo.app */,
			);
			name = Products;
			sourceTree = "<group>";
		};
		DCEC7EAB1D92872D0070FE65 /* SogouPlusDemo */ = {
			isa = PBXGroup;
			children = (
				DCEC7ECC1D9287880070FE65 /* SogouPlus.xcodeproj */,
				DCEC7EAF1D92872D0070FE65 /* AppDelegate.h */,
				DCEC7EB01D92872D0070FE65 /* AppDelegate.m */,
				DCEC7EB21D92872D0070FE65 /* FirstViewController.h */,
				DCEC7EB31D92872D0070FE65 /* FirstViewController.m */,
				DCEC7EB51D92872D0070FE65 /* SecondViewController.h */,
				DCEC7EB61D92872D0070FE65 /* SecondViewController.m */,
				DCEC7EB81D92872D0070FE65 /* Main.storyboard */,
				DCEC7EBB1D92872D0070FE65 /* Assets.xcassets */,
				DCEC7EBD1D92872D0070FE65 /* LaunchScreen.storyboard */,
				DCEC7EC01D92872D0070FE65 /* Info.plist */,
				DCEC7EAC1D92872D0070FE65 /* Supporting Files */,
			);
			path = SogouPlusDemo;
			sourceTree = "<group>";
		};
		DCEC7EAC1D92872D0070FE65 /* Supporting Files */ = {
			isa = PBXGroup;
			children = (
				DCEC7EAD1D92872D0070FE65 /* main.m */,
			);
			name = "Supporting Files";
			sourceTree = "<group>";
		};
		DCEC7ECD1D9287880070FE65 /* Products */ = {
			isa = PBXGroup;
			children = (
				DCEC7ED11D9287880070FE65 /* SogouPlus.framework */,
			);
			name = Products;
			sourceTree = "<group>";
		};
/* End PBXGroup section */

/* Begin PBXNativeTarget section */
		DCEC7EA81D92872D0070FE65 /* SogouPlusDemo */ = {
			isa = PBXNativeTarget;
			buildConfigurationList = DCEC7EC31D92872D0070FE65 /* Build configuration list for PBXNativeTarget "SogouPlusDemo" */;
			buildPhases = (
				DCEC7EA51D92872D0070FE65 /* Sources */,
				DCEC7EA61D92872D0070FE65 /* Frameworks */,
				DCEC7EA71D92872D0070FE65 /* Resources */,
				DCCB06251DFE56BE00934C39 /* Embed Frameworks */,
			);
			buildRules = (
			);
			dependencies = (
				DCCB06241DFE56BE00934C39 /* PBXTargetDependency */,
			);
			name = SogouPlusDemo;
			productName = SogouPlusDemo;
			productReference = DCEC7EA91D92872D0070FE65 /* SogouPlusDemo.app */;
			productType = "com.apple.product-type.application";
		};
/* End PBXNativeTarget section */

/* Begin PBXProject section */
		DCEC7EA11D92872D0070FE65 /* Project object */ = {
			isa = PBXProject;
			attributes = {
				LastUpgradeCheck = 0800;
				ORGANIZATIONNAME = zhuqunye;
				TargetAttributes = {
					DCEC7EA81D92872D0070FE65 = {
						CreatedOnToolsVersion = 8.0;
						DevelopmentTeam = Y8N9472S5T;
						ProvisioningStyle = Automatic;
					};
				};
			};
			buildConfigurationList = DCEC7EA41D92872D0070FE65 /* Build configuration list for PBXProject "SogouPlusDemo" */;
			compatibilityVersion = "Xcode 3.2";
			developmentRegion = English;
			hasScannedForEncodings = 0;
			knownRegions = (
				en,
				Base,
			);
			mainGroup = DCEC7EA01D92872D0070FE65;
			productRefGroup = DCEC7EAA1D92872D0070FE65 /* Products */;
			projectDirPath = "";
			projectReferences = (
				{
					ProductGroup = DCEC7ECD1D9287880070FE65 /* Products */;
					ProjectRef = DCEC7ECC1D9287880070FE65 /* SogouPlus.xcodeproj */;
				},
			);
			projectRoot = "";
			targets = (
				DCEC7EA81D92872D0070FE65 /* SogouPlusDemo */,
			);
		};
/* End PBXProject section */

/* Begin PBXReferenceProxy section */
		DCEC7ED11D9287880070FE65 /* SogouPlus.framework */ = {
			isa = PBXReferenceProxy;
			fileType = wrapper.framework;
			path = SogouPlus.framework;
			remoteRef = DCEC7ED01D9287880070FE65 /* PBXContainerItemProxy */;
			sourceTree = BUILT_PRODUCTS_DIR;
		};
/* End PBXReferenceProxy section */

/* Begin PBXResourcesBuildPhase section */
		DCEC7EA71D92872D0070FE65 /* Resources */ = {
			isa = PBXResourcesBuildPhase;
			buildActionMask = 2147483647;
			files = (
				DCEC7EBF1D92872D0070FE65 /* LaunchScreen.storyboard in Resources */,
				DCEC7EBC1D92872D0070FE65 /* Assets.xcassets in Resources */,
				DCEC7EBA1D92872D0070FE65 /* Main.storyboard in Resources */,
			);
			runOnlyForDeploymentPostprocessing = 0;
		};
/* End PBXResourcesBuildPhase section */

/* Begin PBXSourcesBuildPhase section */
		DCEC7EA51D92872D0070FE65 /* Sources */ = {
			isa = PBXSourcesBuildPhase;
			buildActionMask = 2147483647;
			files = (
				DCEC7EB71D92872D0070FE65 /* SecondViewController.m in Sources */,
				DCEC7EB11D92872D0070FE65 /* AppDelegate.m in Sources */,
				DCEC7EB41D92872D0070FE65 /* FirstViewController.m in Sources */,
				DCEC7EAE1D92872D0070FE65 /* main.m in Sources */,
			);
			runOnlyForDeploymentPostprocessing = 0;
		};
/* End PBXSourcesBuildPhase section */

/* Begin PBXTargetDependency section */
		DCCB06241DFE56BE00934C39 /* PBXTargetDependency */ = {
			isa = PBXTargetDependency;
			name = SogouPlus;
			targetProxy = DCCB06231DFE56BE00934C39 /* PBXContainerItemProxy */;
		};
/* End PBXTargetDependency section */

/* Begin PBXVariantGroup section */
		DCEC7EB81D92872D0070FE65 /* Main.storyboard */ = {
			isa = PBXVariantGroup;
			children = (
				DCEC7EB91D92872D0070FE65 /* Base */,
			);
			name = Main.storyboard;
			sourceTree = "<group>";
		};
		DCEC7EBD1D92872D0070FE65 /* LaunchScreen.storyboard */ = {
			isa = PBXVariantGroup;
			children = (
				DCEC7EBE1D92872D0070FE65 /* Base */,
			);
			name = LaunchScreen.storyboard;
			sourceTree = "<group>";
		};
/* End PBXVariantGroup section */

/* Begin XCBuildConfiguration section */
		DCEC7EC11D92872D0070FE65 /* Debug */ = {
			isa = XCBuildConfiguration;
			buildSettings = {
				ALWAYS_SEARCH_USER_PATHS = NO;
				CLANG_ANALYZER_NONNULL = YES;
				CLANG_CXX_LANGUAGE_STANDARD = "gnu++0x";
				CLANG_CXX_LIBRARY = "libc++";
				CLANG_ENABLE_MODULES = YES;
				CLANG_ENABLE_OBJC_ARC = YES;
				CLANG_WARN_BOOL_CONVERSION = YES;
				CLANG_WARN_CONSTANT_CONVERSION = YES;
				CLANG_WARN_DIRECT_OBJC_ISA_USAGE = YES_ERROR;
				CLANG_WARN_DOCUMENTATION_COMMENTS = YES;
				CLANG_WARN_EMPTY_BODY = YES;
				CLANG_WARN_ENUM_CONVERSION = YES;
				CLANG_WARN_INFINITE_RECURSION = YES;
				CLANG_WARN_INT_CONVERSION = YES;
				CLANG_WARN_OBJC_ROOT_CLASS = YES_ERROR;
				CLANG_WARN_SUSPICIOUS_MOVES = YES;
				CLANG_WARN_UNREACHABLE_CODE = YES;
				CLANG_WARN__DUPLICATE_METHOD_MATCH = YES;
				"CODE_SIGN_IDENTITY[sdk=iphoneos*]" = "iPhone Developer";
				COPY_PHASE_STRIP = NO;
				DEBUG_INFORMATION_FORMAT = dwarf;
				ENABLE_BITCODE = NO;
				ENABLE_STRICT_OBJC_MSGSEND = YES;
				ENABLE_TESTABILITY = YES;
				GCC_C_LANGUAGE_STANDARD = gnu99;
				GCC_DYNAMIC_NO_PIC = NO;
				GCC_NO_COMMON_BLOCKS = YES;
				GCC_OPTIMIZATION_LEVEL = 0;
				GCC_PREPROCESSOR_DEFINITIONS = (
					"DEBUG=1",
					"$(inherited)",
				);
				GCC_WARN_64_TO_32_BIT_CONVERSION = YES;
				GCC_WARN_ABOUT_RETURN_TYPE = YES_ERROR;
				GCC_WARN_UNDECLARED_SELECTOR = YES;
				GCC_WARN_UNINITIALIZED_AUTOS = YES_AGGRESSIVE;
				GCC_WARN_UNUSED_FUNCTION = YES;
				GCC_WARN_UNUSED_VARIABLE = YES;
				IPHONEOS_DEPLOYMENT_TARGET = 8.0;
				MTL_ENABLE_DEBUG_INFO = YES;
				ONLY_ACTIVE_ARCH = YES;
				SDKROOT = iphoneos;
			};
			name = Debug;
		};
		DCEC7EC21D92872D0070FE65 /* Release */ = {
			isa = XCBuildConfiguration;
			buildSettings = {
				ALWAYS_SEARCH_USER_PATHS = NO;
				CLANG_ANALYZER_NONNULL = YES;
				CLANG_CXX_LANGUAGE_STANDARD = "gnu++0x";
				CLANG_CXX_LIBRARY = "libc++";
				CLANG_ENABLE_MODULES = YES;
				CLANG_ENABLE_OBJC_ARC = YES;
				CLANG_WARN_BOOL_CONVERSION = YES;
				CLANG_WARN_CONSTANT_CONVERSION = YES;
				CLANG_WARN_DIRECT_OBJC_ISA_USAGE = YES_ERROR;
				CLANG_WARN_DOCUMENTATION_COMMENTS = YES;
				CLANG_WARN_EMPTY_BODY = YES;
				CLANG_WARN_ENUM_CONVERSION = YES;
				CLANG_WARN_INFINITE_RECURSION = YES;
				CLANG_WARN_INT_CONVERSION = YES;
				CLANG_WARN_OBJC_ROOT_CLASS = YES_ERROR;
				CLANG_WARN_SUSPICIOUS_MOVES = YES;
				CLANG_WARN_UNREACHABLE_CODE = YES;
				CLANG_WARN__DUPLICATE_METHOD_MATCH = YES;
				"CODE_SIGN_IDENTITY[sdk=iphoneos*]" = "iPhone Developer";
				COPY_PHASE_STRIP = NO;
				DEBUG_INFORMATION_FORMAT = "dwarf-with-dsym";
				ENABLE_BITCODE = NO;
				ENABLE_NS_ASSERTIONS = NO;
				ENABLE_STRICT_OBJC_MSGSEND = YES;
				GCC_C_LANGUAGE_STANDARD = gnu99;
				GCC_NO_COMMON_BLOCKS = YES;
				GCC_WARN_64_TO_32_BIT_CONVERSION = YES;
				GCC_WARN_ABOUT_RETURN_TYPE = YES_ERROR;
				GCC_WARN_UNDECLARED_SELECTOR = YES;
				GCC_WARN_UNINITIALIZED_AUTOS = YES_AGGRESSIVE;
				GCC_WARN_UNUSED_FUNCTION = YES;
				GCC_WARN_UNUSED_VARIABLE = YES;
				IPHONEOS_DEPLOYMENT_TARGET = 8.0;
				MTL_ENABLE_DEBUG_INFO = NO;
				SDKROOT = iphoneos;
				VALIDATE_PRODUCT = YES;
			};
			name = Release;
		};
		DCEC7EC41D92872D0070FE65 /* Debug */ = {
			isa = XCBuildConfiguration;
			buildSettings = {
				ASSETCATALOG_COMPILER_APPICON_NAME = AppIcon;
				DEVELOPMENT_TEAM = Y8N9472S5T;
				INFOPLIST_FILE = SogouPlusDemo/Info.plist;
				IPHONEOS_DEPLOYMENT_TARGET = 8.0;
				LD_RUNPATH_SEARCH_PATHS = "$(inherited) @executable_path/Frameworks";
				PRODUCT_BUNDLE_IDENTIFIER = com.sogou.plus;
				PRODUCT_NAME = "$(TARGET_NAME)";
			};
			name = Debug;
		};
		DCEC7EC51D92872D0070FE65 /* Release */ = {
			isa = XCBuildConfiguration;
			buildSettings = {
				ASSETCATALOG_COMPILER_APPICON_NAME = AppIcon;
				DEVELOPMENT_TEAM = Y8N9472S5T;
				INFOPLIST_FILE = SogouPlusDemo/Info.plist;
				IPHONEOS_DEPLOYMENT_TARGET = 8.0;
				LD_RUNPATH_SEARCH_PATHS = "$(inherited) @executable_path/Frameworks";
				PRODUCT_BUNDLE_IDENTIFIER = com.sogou.plus;
				PRODUCT_NAME = "$(TARGET_NAME)";
			};
			name = Release;
		};
/* End XCBuildConfiguration section */

/* Begin XCConfigurationList section */
		DCEC7EA41D92872D0070FE65 /* Build configuration list for PBXProject "SogouPlusDemo" */ = {
			isa = XCConfigurationList;
			buildConfigurations = (
				DCEC7EC11D92872D0070FE65 /* Debug */,
				DCEC7EC21D92872D0070FE65 /* Release */,
			);
			defaultConfigurationIsVisible = 0;
			defaultConfigurationName = Release;
		};
		DCEC7EC31D92872D0070FE65 /* Build configuration list for PBXNativeTarget "SogouPlusDemo" */ = {
			isa = XCConfigurationList;
			buildConfigurations = (
				DCEC7EC41D92872D0070FE65 /* Debug */,
				DCEC7EC51D92872D0070FE65 /* Release */,
			);
			defaultConfigurationIsVisible = 0;
			defaultConfigurationName = Release;
		};
/* End XCConfigurationList section */
	};
	rootObject = DCEC7EA11D92872D0070FE65 /* Project object */;
}
